{
  "name": "naruto-bot",
  "version": "1.0.0",
  "lockfileVersion": 3,
  "requires": true,
  "packages": {
    "": {
      "name": "naruto-bot",
      "version": "1.0.0",
      "dependencies": {
        "axios": "^1.6.8",
        "express": "^4.19.2",
        "fca-liane-utils": "^1.6.1"
      }
    }
  }
}
